
Microsoft Visual Studio Solution File, Format Version 12.00
# Visual Studio Version 16
VisualStudioVersion = 16.0.33529.622
MinimumVisualStudioVersion = 10.0.40219.1
Project("{1A8FB723-7A38-459A-B629-AB9BAABB7DC8}") = "Crypter Fud Bypass", "Crypter Fud Bypass\Crypter Fud Bypass.vbproj", "{A0C0933B-EC86-496D-A75B-5A404797946E}"
EndProject
Global
	GlobalSection(SolutionConfigurationPlatforms) = preSolution
		Debug|Any CPU = Debug|Any CPU
		Release|Any CPU = Release|Any CPU
	EndGlobalSection
	GlobalSection(ProjectConfigurationPlatforms) = postSolution
		{A0C0933B-EC86-496D-A75B-5A404797946E}.Debug|Any CPU.ActiveCfg = Debug|Any CPU
		{A0C0933B-EC86-496D-A75B-5A404797946E}.Debug|Any CPU.Build.0 = Debug|Any CPU
		{A0C0933B-EC86-496D-A75B-5A404797946E}.Release|Any CPU.ActiveCfg = Release|Any CPU
		{A0C0933B-EC86-496D-A75B-5A404797946E}.Release|Any CPU.Build.0 = Release|Any CPU
	EndGlobalSection
	GlobalSection(SolutionProperties) = preSolution
		HideSolutionNode = FALSE
	EndGlobalSection
	GlobalSection(ExtensibilityGlobals) = postSolution
		SolutionGuid = {943D807A-E3BD-4AE8-BEFB-CD8593D846AF}
	EndGlobalSection
EndGlobal
